
Microsoft Visual Studio Solution File, Format Version 12.00
# Visual Studio Version 16
VisualStudioVersion = 16.0.31112.23
MinimumVisualStudioVersion = 10.0.40219.1
Project("{9A19103F-16F7-4668-BE54-9A1E7A4F7556}") = "Textifator", "Web\Textifator.csproj", "{068C0BFE-90D3-4BAE-B74C-7CEA46A5D687}"
EndProject
Project("{FAE04EC0-301F-11D3-BF4B-00C04F79EFBC}") = "TestProject1", "TestProject1\TestProject1.csproj", "{400A0937-8BD2-44A8-B51C-DB0951214356}"
EndProject
Global
	GlobalSection(SolutionConfigurationPlatforms) = preSolution
		Debug|Any CPU = Debug|Any CPU
		Release|Any CPU = Release|Any CPU
	EndGlobalSection
	GlobalSection(ProjectConfigurationPlatforms) = postSolution
		{068C0BFE-90D3-4BAE-B74C-7CEA46A5D687}.Debug|Any CPU.ActiveCfg = Debug|Any CPU
		{068C0BFE-90D3-4BAE-B74C-7CEA46A5D687}.Debug|Any CPU.Build.0 = Debug|Any CPU
		{068C0BFE-90D3-4BAE-B74C-7CEA46A5D687}.Release|Any CPU.ActiveCfg = Release|Any CPU
		{068C0BFE-90D3-4BAE-B74C-7CEA46A5D687}.Release|Any CPU.Build.0 = Release|Any CPU
		{400A0937-8BD2-44A8-B51C-DB0951214356}.Debug|Any CPU.ActiveCfg = Debug|Any CPU
		{400A0937-8BD2-44A8-B51C-DB0951214356}.Debug|Any CPU.Build.0 = Debug|Any CPU
		{400A0937-8BD2-44A8-B51C-DB0951214356}.Release|Any CPU.ActiveCfg = Release|Any CPU
		{400A0937-8BD2-44A8-B51C-DB0951214356}.Release|Any CPU.Build.0 = Release|Any CPU
	EndGlobalSection
	GlobalSection(SolutionProperties) = preSolution
		HideSolutionNode = FALSE
	EndGlobalSection
	GlobalSection(ExtensibilityGlobals) = postSolution
		SolutionGuid = {8F15A532-5356-4063-808B-5AE6587D94F7}
	EndGlobalSection
EndGlobal
